# THIS IS AN AUTOGENERATED FILE. DO NOT EDIT THIS FILE DIRECTLY.
# yarn lockfile v1


"@substrate/local-storage@^2.2.9":
  version "2.2.9"
  resolved "https://registry.yarnpkg.com/@substrate/local-storage/-/local-storage-2.2.9.tgz#22f15cdcd34f898f20e2eceda3a462038137c6eb"
  integrity sha512-vZBHzDxCuKOcb/rGPZsR4H89Whc1GqJtwJ2y+sJA4BKh5y+Ev+F6uJZwzE65vuBLEAHqCdLGD5OSkR32QYNW/A==
  dependencies:
    custom-event "^1.0.1"
    node-localstorage "^2.1.5"

custom-event@^1.0.1:
  version "1.0.1"
  resolved "https://registry.yarnpkg.com/custom-event/-/custom-event-1.0.1.tgz#5d02a46850adf1b4a317946a3928fccb5bfd0425"
  integrity sha1-XQKkaFCt8bSjF5RqOSj8y1v9BCU=

graceful-fs@^4.1.11:
  version "4.2.4"
  resolved "https://registry.yarnpkg.com/graceful-fs/-/graceful-fs-4.2.4.tgz#2256bde14d3632958c465ebc96dc467ca07a29fb"
  integrity sha512-WjKPNJF79dtJAVniUlGGWHYGz2jWxT6VhN/4m1NdkbZ2nOsEF+cI1Edgql5zCRhs/VsQYRvrXctxktVXZUkixw==

imurmurhash@^0.1.4:
  version "0.1.4"
  resolved "https://registry.yarnpkg.com/imurmurhash/-/imurmurhash-0.1.4.tgz#9218b9b2b928a238b13dc4fb6b6d576f231453ea"
  integrity sha1-khi5srkoojixPcT7a21XbyMUU+o=

node-localstorage@^2.1.5:
  version "2.1.6"
  resolved "https://registry.yarnpkg.com/node-localstorage/-/node-localstorage-2.1.6.tgz#7c62120beff8abbf960c858da70fddcfc336898a"
  integrity sha512-yE7AycE5G2hU55d+F7Ona9nx97C+enJzWWx6jrsji7fuPZFJOvuW3X/LKKAcXRBcEIJPDOKt8ZiFWFmShR/irg==
  dependencies:
    write-file-atomic "^1.1.4"

slide@^1.1.5:
  version "1.1.6"
  resolved "https://registry.yarnpkg.com/slide/-/slide-1.1.6.tgz#56eb027d65b4d2dce6cb2e2d32c4d4afc9e1d707"
  integrity sha1-VusCfWW00tzmyy4tMsTUr8nh1wc=

write-file-atomic@^1.1.4:
  version "1.3.4"
  resolved "https://registry.yarnpkg.com/write-file-atomic/-/write-file-atomic-1.3.4.tgz#f807a4f0b1d9e913ae7a48112e6cc3af1991b45f"
  integrity sha1-+Aek8LHZ6ROuekgRLmzDrxmRtF8=
  dependencies:
    graceful-fs "^4.1.11"
    imurmurhash "^0.1.4"
    slide "^1.1.5"
